
Microsoft Visual Studio Solution File, Format Version 12.00
# Visual Studio 15
VisualStudioVersion = 15.0.26124.0
MinimumVisualStudioVersion = 15.0.26124.0
Project("{9A19103F-16F7-4668-BE54-9A1E7A4F7556}") = "Study.OData.Core", "Study.OData.Core\Study.OData.Core.csproj", "{91F576B6-2598-4660-84B1-B7721896F6E1}"
EndProject
Project("{FAE04EC0-301F-11D3-BF4B-00C04F79EFBC}") = "Study.OData.Tests", "Study.OData.Tests\Study.OData.Tests.csproj", "{9D3251DD-7C38-4DE1-8358-BAD2389F24E3}"
EndProject
Project("{FAE04EC0-301F-11D3-BF4B-00C04F79EFBC}") = "Study.OData.Api", "Study.OData.Api\Study.OData.Api.csproj", "{FD7D1557-9FEA-40C0-BEE3-6F2979185FAF}"
EndProject
Project("{FAE04EC0-301F-11D3-BF4B-00C04F79EFBC}") = "Study.OData.Client", "Study.OData.Client\Study.OData.Client.csproj", "{65B718FA-5542-461A-9718-F19BFB1EF2D5}"
EndProject
Global
	GlobalSection(SolutionConfigurationPlatforms) = preSolution
		Debug|Any CPU = Debug|Any CPU
		Debug|x64 = Debug|x64
		Debug|x86 = Debug|x86
		Release|Any CPU = Release|Any CPU
		Release|x64 = Release|x64
		Release|x86 = Release|x86
	EndGlobalSection
	GlobalSection(ProjectConfigurationPlatforms) = postSolution
		{91F576B6-2598-4660-84B1-B7721896F6E1}.Debug|Any CPU.ActiveCfg = Debug|Any CPU
		{91F576B6-2598-4660-84B1-B7721896F6E1}.Debug|Any CPU.Build.0 = Debug|Any CPU
		{91F576B6-2598-4660-84B1-B7721896F6E1}.Debug|x64.ActiveCfg = Debug|Any CPU
		{91F576B6-2598-4660-84B1-B7721896F6E1}.Debug|x64.Build.0 = Debug|Any CPU
		{91F576B6-2598-4660-84B1-B7721896F6E1}.Debug|x86.ActiveCfg = Debug|Any CPU
		{91F576B6-2598-4660-84B1-B7721896F6E1}.Debug|x86.Build.0 = Debug|Any CPU
		{91F576B6-2598-4660-84B1-B7721896F6E1}.Release|Any CPU.ActiveCfg = Release|Any CPU
		{91F576B6-2598-4660-84B1-B7721896F6E1}.Release|Any CPU.Build.0 = Release|Any CPU
		{91F576B6-2598-4660-84B1-B7721896F6E1}.Release|x64.ActiveCfg = Release|Any CPU
		{91F576B6-2598-4660-84B1-B7721896F6E1}.Release|x64.Build.0 = Release|Any CPU
		{91F576B6-2598-4660-84B1-B7721896F6E1}.Release|x86.ActiveCfg = Release|Any CPU
		{91F576B6-2598-4660-84B1-B7721896F6E1}.Release|x86.Build.0 = Release|Any CPU
		{9D3251DD-7C38-4DE1-8358-BAD2389F24E3}.Debug|Any CPU.ActiveCfg = Debug|Any CPU
		{9D3251DD-7C38-4DE1-8358-BAD2389F24E3}.Debug|Any CPU.Build.0 = Debug|Any CPU
		{9D3251DD-7C38-4DE1-8358-BAD2389F24E3}.Debug|x64.ActiveCfg = Debug|Any CPU
		{9D3251DD-7C38-4DE1-8358-BAD2389F24E3}.Debug|x64.Build.0 = Debug|Any CPU
		{9D3251DD-7C38-4DE1-8358-BAD2389F24E3}.Debug|x86.ActiveCfg = Debug|Any CPU
		{9D3251DD-7C38-4DE1-8358-BAD2389F24E3}.Debug|x86.Build.0 = Debug|Any CPU
		{9D3251DD-7C38-4DE1-8358-BAD2389F24E3}.Release|Any CPU.ActiveCfg = Release|Any CPU
		{9D3251DD-7C38-4DE1-8358-BAD2389F24E3}.Release|Any CPU.Build.0 = Release|Any CPU
		{9D3251DD-7C38-4DE1-8358-BAD2389F24E3}.Release|x64.ActiveCfg = Release|Any CPU
		{9D3251DD-7C38-4DE1-8358-BAD2389F24E3}.Release|x64.Build.0 = Release|Any CPU
		{9D3251DD-7C38-4DE1-8358-BAD2389F24E3}.Release|x86.ActiveCfg = Release|Any CPU
		{9D3251DD-7C38-4DE1-8358-BAD2389F24E3}.Release|x86.Build.0 = Release|Any CPU
		{FD7D1557-9FEA-40C0-BEE3-6F2979185FAF}.Debug|Any CPU.ActiveCfg = Debug|Any CPU
		{FD7D1557-9FEA-40C0-BEE3-6F2979185FAF}.Debug|Any CPU.Build.0 = Debug|Any CPU
		{FD7D1557-9FEA-40C0-BEE3-6F2979185FAF}.Debug|x64.ActiveCfg = Debug|Any CPU
		{FD7D1557-9FEA-40C0-BEE3-6F2979185FAF}.Debug|x64.Build.0 = Debug|Any CPU
		{FD7D1557-9FEA-40C0-BEE3-6F2979185FAF}.Debug|x86.ActiveCfg = Debug|Any CPU
		{FD7D1557-9FEA-40C0-BEE3-6F2979185FAF}.Debug|x86.Build.0 = Debug|Any CPU
		{FD7D1557-9FEA-40C0-BEE3-6F2979185FAF}.Release|Any CPU.ActiveCfg = Release|Any CPU
		{FD7D1557-9FEA-40C0-BEE3-6F2979185FAF}.Release|Any CPU.Build.0 = Release|Any CPU
		{FD7D1557-9FEA-40C0-BEE3-6F2979185FAF}.Release|x64.ActiveCfg = Release|Any CPU
		{FD7D1557-9FEA-40C0-BEE3-6F2979185FAF}.Release|x64.Build.0 = Release|Any CPU
		{FD7D1557-9FEA-40C0-BEE3-6F2979185FAF}.Release|x86.ActiveCfg = Release|Any CPU
		{FD7D1557-9FEA-40C0-BEE3-6F2979185FAF}.Release|x86.Build.0 = Release|Any CPU
		{65B718FA-5542-461A-9718-F19BFB1EF2D5}.Debug|Any CPU.ActiveCfg = Debug|Any CPU
		{65B718FA-5542-461A-9718-F19BFB1EF2D5}.Debug|Any CPU.Build.0 = Debug|Any CPU
		{65B718FA-5542-461A-9718-F19BFB1EF2D5}.Debug|x64.ActiveCfg = Debug|Any CPU
		{65B718FA-5542-461A-9718-F19BFB1EF2D5}.Debug|x64.Build.0 = Debug|Any CPU
		{65B718FA-5542-461A-9718-F19BFB1EF2D5}.Debug|x86.ActiveCfg = Debug|Any CPU
		{65B718FA-5542-461A-9718-F19BFB1EF2D5}.Debug|x86.Build.0 = Debug|Any CPU
		{65B718FA-5542-461A-9718-F19BFB1EF2D5}.Release|Any CPU.ActiveCfg = Release|Any CPU
		{65B718FA-5542-461A-9718-F19BFB1EF2D5}.Release|Any CPU.Build.0 = Release|Any CPU
		{65B718FA-5542-461A-9718-F19BFB1EF2D5}.Release|x64.ActiveCfg = Release|Any CPU
		{65B718FA-5542-461A-9718-F19BFB1EF2D5}.Release|x64.Build.0 = Release|Any CPU
		{65B718FA-5542-461A-9718-F19BFB1EF2D5}.Release|x86.ActiveCfg = Release|Any CPU
		{65B718FA-5542-461A-9718-F19BFB1EF2D5}.Release|x86.Build.0 = Release|Any CPU
	EndGlobalSection
	GlobalSection(SolutionProperties) = preSolution
		HideSolutionNode = FALSE
	EndGlobalSection
	GlobalSection(ExtensibilityGlobals) = postSolution
		SolutionGuid = {664DBE56-589E-4875-A303-24C70C02F52B}
	EndGlobalSection
EndGlobal
